
Microsoft Visual Studio Solution File, Format Version 12.00
# Visual Studio Version 16
VisualStudioVersion = 16.0.31515.178
MinimumVisualStudioVersion = 10.0.40219.1
Project("{FAE04EC0-301F-11D3-BF4B-00C04F79EFBC}") = "12_Ex", "12_Ex\12_Ex.csproj", "{BCD1C38A-8D0B-405B-83D1-985542D6FC0E}"
EndProject
Global
	GlobalSection(SolutionConfigurationPlatforms) = preSolution
		Debug|Any CPU = Debug|Any CPU
		Release|Any CPU = Release|Any CPU
	EndGlobalSection
	GlobalSection(ProjectConfigurationPlatforms) = postSolution
		{BCD1C38A-8D0B-405B-83D1-985542D6FC0E}.Debug|Any CPU.ActiveCfg = Debug|Any CPU
		{BCD1C38A-8D0B-405B-83D1-985542D6FC0E}.Debug|Any CPU.Build.0 = Debug|Any CPU
		{BCD1C38A-8D0B-405B-83D1-985542D6FC0E}.Release|Any CPU.ActiveCfg = Release|Any CPU
		{BCD1C38A-8D0B-405B-83D1-985542D6FC0E}.Release|Any CPU.Build.0 = Release|Any CPU
	EndGlobalSection
	GlobalSection(SolutionProperties) = preSolution
		HideSolutionNode = FALSE
	EndGlobalSection
	GlobalSection(ExtensibilityGlobals) = postSolution
		SolutionGuid = {B633AA52-BDD7-401D-A919-57A2C2ED45AE}
	EndGlobalSection
EndGlobal
