
Microsoft Visual Studio Solution File, Format Version 12.00
# Visual Studio Version 16
VisualStudioVersion = 16.0.31515.178
MinimumVisualStudioVersion = 10.0.40219.1
Project("{FAE04EC0-301F-11D3-BF4B-00C04F79EFBC}") = "Ex-26", "Ex-26\Ex-26.csproj", "{C64CC48C-3088-4798-AC86-4D6809CC1026}"
EndProject
Global
	GlobalSection(SolutionConfigurationPlatforms) = preSolution
		Debug|Any CPU = Debug|Any CPU
		Release|Any CPU = Release|Any CPU
	EndGlobalSection
	GlobalSection(ProjectConfigurationPlatforms) = postSolution
		{C64CC48C-3088-4798-AC86-4D6809CC1026}.Debug|Any CPU.ActiveCfg = Debug|Any CPU
		{C64CC48C-3088-4798-AC86-4D6809CC1026}.Debug|Any CPU.Build.0 = Debug|Any CPU
		{C64CC48C-3088-4798-AC86-4D6809CC1026}.Release|Any CPU.ActiveCfg = Release|Any CPU
		{C64CC48C-3088-4798-AC86-4D6809CC1026}.Release|Any CPU.Build.0 = Release|Any CPU
	EndGlobalSection
	GlobalSection(SolutionProperties) = preSolution
		HideSolutionNode = FALSE
	EndGlobalSection
	GlobalSection(ExtensibilityGlobals) = postSolution
		SolutionGuid = {4D609652-8E43-4ECF-B290-1E2F00340C1F}
	EndGlobalSection
EndGlobal
