
Microsoft Visual Studio Solution File, Format Version 12.00
# Visual Studio Version 16
VisualStudioVersion = 16.0.31515.178
MinimumVisualStudioVersion = 10.0.40219.1
Project("{FAE04EC0-301F-11D3-BF4B-00C04F79EFBC}") = "Ex-21", "Ex-21\Ex-21.csproj", "{21490F6C-C1BB-418D-B156-68146F6E3072}"
EndProject
Global
	GlobalSection(SolutionConfigurationPlatforms) = preSolution
		Debug|Any CPU = Debug|Any CPU
		Release|Any CPU = Release|Any CPU
	EndGlobalSection
	GlobalSection(ProjectConfigurationPlatforms) = postSolution
		{21490F6C-C1BB-418D-B156-68146F6E3072}.Debug|Any CPU.ActiveCfg = Debug|Any CPU
		{21490F6C-C1BB-418D-B156-68146F6E3072}.Debug|Any CPU.Build.0 = Debug|Any CPU
		{21490F6C-C1BB-418D-B156-68146F6E3072}.Release|Any CPU.ActiveCfg = Release|Any CPU
		{21490F6C-C1BB-418D-B156-68146F6E3072}.Release|Any CPU.Build.0 = Release|Any CPU
	EndGlobalSection
	GlobalSection(SolutionProperties) = preSolution
		HideSolutionNode = FALSE
	EndGlobalSection
	GlobalSection(ExtensibilityGlobals) = postSolution
		SolutionGuid = {969E805A-516A-4C21-A473-8969609597FF}
	EndGlobalSection
EndGlobal
