
Microsoft Visual Studio Solution File, Format Version 12.00
# Visual Studio Version 16
VisualStudioVersion = 16.0.31515.178
MinimumVisualStudioVersion = 10.0.40219.1
Project("{FAE04EC0-301F-11D3-BF4B-00C04F79EFBC}") = "Ex-31", "Ex-31\Ex-31.csproj", "{C341BAAF-F0F4-4F4D-A9EF-40BCBBB7AE4A}"
EndProject
Global
	GlobalSection(SolutionConfigurationPlatforms) = preSolution
		Debug|Any CPU = Debug|Any CPU
		Release|Any CPU = Release|Any CPU
	EndGlobalSection
	GlobalSection(ProjectConfigurationPlatforms) = postSolution
		{C341BAAF-F0F4-4F4D-A9EF-40BCBBB7AE4A}.Debug|Any CPU.ActiveCfg = Debug|Any CPU
		{C341BAAF-F0F4-4F4D-A9EF-40BCBBB7AE4A}.Debug|Any CPU.Build.0 = Debug|Any CPU
		{C341BAAF-F0F4-4F4D-A9EF-40BCBBB7AE4A}.Release|Any CPU.ActiveCfg = Release|Any CPU
		{C341BAAF-F0F4-4F4D-A9EF-40BCBBB7AE4A}.Release|Any CPU.Build.0 = Release|Any CPU
	EndGlobalSection
	GlobalSection(SolutionProperties) = preSolution
		HideSolutionNode = FALSE
	EndGlobalSection
	GlobalSection(ExtensibilityGlobals) = postSolution
		SolutionGuid = {FC78804E-DC0C-43D0-B210-E55AF65871EA}
	EndGlobalSection
EndGlobal
