
Microsoft Visual Studio Solution File, Format Version 12.00
# Visual Studio Version 16
VisualStudioVersion = 16.0.31515.178
MinimumVisualStudioVersion = 10.0.40219.1
Project("{FAE04EC0-301F-11D3-BF4B-00C04F79EFBC}") = "Ex-40", "Ex-40\Ex-40.csproj", "{1E59CE10-B996-4E25-B25E-158A205798AD}"
EndProject
Global
	GlobalSection(SolutionConfigurationPlatforms) = preSolution
		Debug|Any CPU = Debug|Any CPU
		Release|Any CPU = Release|Any CPU
	EndGlobalSection
	GlobalSection(ProjectConfigurationPlatforms) = postSolution
		{1E59CE10-B996-4E25-B25E-158A205798AD}.Debug|Any CPU.ActiveCfg = Debug|Any CPU
		{1E59CE10-B996-4E25-B25E-158A205798AD}.Debug|Any CPU.Build.0 = Debug|Any CPU
		{1E59CE10-B996-4E25-B25E-158A205798AD}.Release|Any CPU.ActiveCfg = Release|Any CPU
		{1E59CE10-B996-4E25-B25E-158A205798AD}.Release|Any CPU.Build.0 = Release|Any CPU
	EndGlobalSection
	GlobalSection(SolutionProperties) = preSolution
		HideSolutionNode = FALSE
	EndGlobalSection
	GlobalSection(ExtensibilityGlobals) = postSolution
		SolutionGuid = {5EB9A69F-BDA2-4F63-8269-642AE30A986F}
	EndGlobalSection
EndGlobal
