
Microsoft Visual Studio Solution File, Format Version 12.00
# Visual Studio Version 16
VisualStudioVersion = 16.0.31515.178
MinimumVisualStudioVersion = 10.0.40219.1
Project("{FAE04EC0-301F-11D3-BF4B-00C04F79EFBC}") = "Ex-43", "Ex-43\Ex-43.csproj", "{FA4A42FB-4C31-4217-B963-CB96492302AF}"
EndProject
Global
	GlobalSection(SolutionConfigurationPlatforms) = preSolution
		Debug|Any CPU = Debug|Any CPU
		Release|Any CPU = Release|Any CPU
	EndGlobalSection
	GlobalSection(ProjectConfigurationPlatforms) = postSolution
		{FA4A42FB-4C31-4217-B963-CB96492302AF}.Debug|Any CPU.ActiveCfg = Debug|Any CPU
		{FA4A42FB-4C31-4217-B963-CB96492302AF}.Debug|Any CPU.Build.0 = Debug|Any CPU
		{FA4A42FB-4C31-4217-B963-CB96492302AF}.Release|Any CPU.ActiveCfg = Release|Any CPU
		{FA4A42FB-4C31-4217-B963-CB96492302AF}.Release|Any CPU.Build.0 = Release|Any CPU
	EndGlobalSection
	GlobalSection(SolutionProperties) = preSolution
		HideSolutionNode = FALSE
	EndGlobalSection
	GlobalSection(ExtensibilityGlobals) = postSolution
		SolutionGuid = {3737CB1F-0D9F-4E5D-A31D-EF5976C4EA54}
	EndGlobalSection
EndGlobal
